// !$*UTF8*$!
{
	archiveVersion = 1;
	classes = {
	};
	objectVersion = 77;
	objects = {

/* Begin PBXBuildFile section */
		10B45EFC6B4B88D8319C9200 /* NetworkHost.swift in Sources */ = {isa = PBXBuildFile; fileRef = D21E09C0C0357E4F96254D62 /* NetworkHost.swift */; };
		425E52C4634FE70001F31C31 /* NetworkPeer.swift in Sources */ = {isa = PBXBuildFile; fileRef = AF9B4CFC087BA48255B842F7 /* NetworkPeer.swift */; };
		9492E6DC313C5848FA49C138 /* AudioCapture.swift in Sources */ = {isa = PBXBuildFile; fileRef = 095D184961CFD047BC1D668E /* AudioCapture.swift */; };
		A496E06DD480B134BDF4C8AF /* ContentView.swift in Sources */ = {isa = PBXBuildFile; fileRef = C57A07B27BE49821B7F60207 /* ContentView.swift */; };
		A807411BA661C02F12EC0474 /* AudioPlayback.swift in Sources */ = {isa = PBXBuildFile; fileRef = 6D79E16F4F12227CDC662FAA /* AudioPlayback.swift */; };
		B6183158FFA3BB943D9F9060 /* AppModel.swift in Sources */ = {isa = PBXBuildFile; fileRef = 602646F912C5AE975CA772FF /* AppModel.swift */; };
		BE7AA8681B6E050F6738E268 /* SyncApp.swift in Sources */ = {isa = PBXBuildFile; fileRef = 782D17DADC486A085B02C748 /* SyncApp.swift */; };
		D4A895A5965123A39482156B /* ClockSync.swift in Sources */ = {isa = PBXBuildFile; fileRef = 8D6B9BDEBEB5B068D4FDB658 /* ClockSync.swift */; };
		DFA9D428E23A7F115E19B93B /* SystemVolume.swift in Sources */ = {isa = PBXBuildFile; fileRef = 49073F98CB5136412ECD2EED /* SystemVolume.swift */; };
		F28969F7B9AE42CE5A0A55A1 /* WireFormat.swift in Sources */ = {isa = PBXBuildFile; fileRef = 32D90886BBDE7568EECD889F /* WireFormat.swift */; };
/* End PBXBuildFile section */

/* Begin PBXFileReference section */
		095D184961CFD047BC1D668E /* AudioCapture.swift */ = {isa = PBXFileReference; lastKnownFileType = sourcecode.swift; path = AudioCapture.swift; sourceTree = "<group>"; };
		32D90886BBDE7568EECD889F /* WireFormat.swift */ = {isa = PBXFileReference; lastKnownFileType = sourcecode.swift; path = WireFormat.swift; sourceTree = "<group>"; };
		49073F98CB5136412ECD2EED /* SystemVolume.swift */ = {isa = PBXFileReference; lastKnownFileType = sourcecode.swift; path = SystemVolume.swift; sourceTree = "<group>"; };
		602646F912C5AE975CA772FF /* AppModel.swift */ = {isa = PBXFileReference; lastKnownFileType = sourcecode.swift; path = AppModel.swift; sourceTree = "<group>"; };
		6D79E16F4F12227CDC662FAA /* AudioPlayback.swift */ = {isa = PBXFileReference; lastKnownFileType = sourcecode.swift; path = AudioPlayback.swift; sourceTree = "<group>"; };
		782D17DADC486A085B02C748 /* SyncApp.swift */ = {isa = PBXFileReference; lastKnownFileType = sourcecode.swift; path = SyncApp.swift; sourceTree = "<group>"; };
		89443F94CD364C41AFBEECBC /* Sync.entitlements */ = {isa = PBXFileReference; lastKnownFileType = text.plist.entitlements; path = Sync.entitlements; sourceTree = "<group>"; };
		8D6B9BDEBEB5B068D4FDB658 /* ClockSync.swift */ = {isa = PBXFileReference; lastKnownFileType = sourcecode.swift; path = ClockSync.swift; sourceTree = "<group>"; };
		AF9B4CFC087BA48255B842F7 /* NetworkPeer.swift */ = {isa = PBXFileReference; lastKnownFileType = sourcecode.swift; path = NetworkPeer.swift; sourceTree = "<group>"; };
		BA1210E85F4D362BE5ADA6D0 /* Info.plist */ = {isa = PBXFileReference; lastKnownFileType = text.plist; path = Info.plist; sourceTree = "<group>"; };
		C57A07B27BE49821B7F60207 /* ContentView.swift */ = {isa = PBXFileReference; lastKnownFileType = sourcecode.swift; path = ContentView.swift; sourceTree = "<group>"; };
		D21E09C0C0357E4F96254D62 /* NetworkHost.swift */ = {isa = PBXFileReference; lastKnownFileType = sourcecode.swift; path = NetworkHost.swift; sourceTree = "<group>"; };
		E79A6E558E7932F21DCE3970 /* Sync.app */ = {isa = PBXFileReference; explicitFileType = wrapper.application; includeInIndex = 0; path = Sync.app; sourceTree = BUILT_PRODUCTS_DIR; };
/* End PBXFileReference section */

/* Begin PBXGroup section */
		2A7BBED93543139123A0DC34 /* Sync */ = {
			isa = PBXGroup;
			children = (
				602646F912C5AE975CA772FF /* AppModel.swift */,
				095D184961CFD047BC1D668E /* AudioCapture.swift */,
				6D79E16F4F12227CDC662FAA /* AudioPlayback.swift */,
				8D6B9BDEBEB5B068D4FDB658 /* ClockSync.swift */,
				C57A07B27BE49821B7F60207 /* ContentView.swift */,
				BA1210E85F4D362BE5ADA6D0 /* Info.plist */,
				D21E09C0C0357E4F96254D62 /* NetworkHost.swift */,
				AF9B4CFC087BA48255B842F7 /* NetworkPeer.swift */,
				89443F94CD364C41AFBEECBC /* Sync.entitlements */,
				782D17DADC486A085B02C748 /* SyncApp.swift */,
				49073F98CB5136412ECD2EED /* SystemVolume.swift */,
				32D90886BBDE7568EECD889F /* WireFormat.swift */,
			);
			path = Sync;
			sourceTree = "<group>";
		};
		7FBAAF42BE92FBEA59E33F52 /* Products */ = {
			isa = PBXGroup;
			children = (
				E79A6E558E7932F21DCE3970 /* Sync.app */,
			);
			name = Products;
			sourceTree = "<group>";
		};
		AF79AD57B3ECBA96056F39D2 = {
			isa = PBXGroup;
			children = (
				2A7BBED93543139123A0DC34 /* Sync */,
				7FBAAF42BE92FBEA59E33F52 /* Products */,
			);
			sourceTree = "<group>";
		};
/* End PBXGroup section */

/* Begin PBXNativeTarget section */
		7100BA8D17E1F35960EF0CAF /* Sync */ = {
			isa = PBXNativeTarget;
			buildConfigurationList = A70A9136A6EF6AAD1D847E9A /* Build configuration list for PBXNativeTarget "Sync" */;
			buildPhases = (
				D09F132770CD5A95C02D1874 /* Sources */,
			);
			buildRules = (
			);
			dependencies = (
			);
			name = Sync;
			packageProductDependencies = (
			);
			productName = Sync;
			productReference = E79A6E558E7932F21DCE3970 /* Sync.app */;
			productType = "com.apple.product-type.application";
		};
/* End PBXNativeTarget section */

/* Begin PBXProject section */
		E7CABE54503B52AA88B83CD6 /* Project object */ = {
			isa = PBXProject;
			attributes = {
				BuildIndependentTargetsInParallel = YES;
				LastUpgradeCheck = 1430;
				TargetAttributes = {
					7100BA8D17E1F35960EF0CAF = {
						ProvisioningStyle = Automatic;
					};
				};
			};
			buildConfigurationList = 9ABF483F962EE5C5C1DDF393 /* Build configuration list for PBXProject "Sync" */;
			developmentRegion = en;
			hasScannedForEncodings = 0;
			knownRegions = (
				Base,
				en,
			);
			mainGroup = AF79AD57B3ECBA96056F39D2;
			minimizedProjectReferenceProxies = 1;
			preferredProjectObjectVersion = 77;
			productRefGroup = 7FBAAF42BE92FBEA59E33F52 /* Products */;
			projectDirPath = "";
			projectRoot = "";
			targets = (
				7100BA8D17E1F35960EF0CAF /* Sync */,
			);
		};
/* End PBXProject section */

/* Begin PBXSourcesBuildPhase section */
		D09F132770CD5A95C02D1874 /* Sources */ = {
			isa = PBXSourcesBuildPhase;
			buildActionMask = 2147483647;
			files = (
				B6183158FFA3BB943D9F9060 /* AppModel.swift in Sources */,
				9492E6DC313C5848FA49C138 /* AudioCapture.swift in Sources */,
				A807411BA661C02F12EC0474 /* AudioPlayback.swift in Sources */,
				D4A895A5965123A39482156B /* ClockSync.swift in Sources */,
				A496E06DD480B134BDF4C8AF /* ContentView.swift in Sources */,
				10B45EFC6B4B88D8319C9200 /* NetworkHost.swift in Sources */,
				425E52C4634FE70001F31C31 /* NetworkPeer.swift in Sources */,
				BE7AA8681B6E050F6738E268 /* SyncApp.swift in Sources */,
				DFA9D428E23A7F115E19B93B /* SystemVolume.swift in Sources */,
				F28969F7B9AE42CE5A0A55A1 /* WireFormat.swift in Sources */,
			);
			runOnlyForDeploymentPostprocessing = 0;
		};
/* End PBXSourcesBuildPhase section */

/* Begin XCBuildConfiguration section */
		5A265947A75EE552E0937B35 /* Release */ = {
			isa = XCBuildConfiguration;
			buildSettings = {
				ALWAYS_SEARCH_USER_PATHS = NO;
				CLANG_ANALYZER_NONNULL = YES;
				CLANG_ANALYZER_NUMBER_OBJECT_CONVERSION = YES_AGGRESSIVE;
				CLANG_CXX_LANGUAGE_STANDARD = "gnu++14";
				CLANG_CXX_LIBRARY = "libc++";
				CLANG_ENABLE_MODULES = YES;
				CLANG_ENABLE_OBJC_ARC = YES;
				CLANG_ENABLE_OBJC_WEAK = YES;
				CLANG_WARN_BLOCK_CAPTURE_AUTORELEASING = YES;
				CLANG_WARN_BOOL_CONVERSION = YES;
				CLANG_WARN_COMMA = YES;
				CLANG_WARN_CONSTANT_CONVERSION = YES;
				CLANG_WARN_DEPRECATED_OBJC_IMPLEMENTATIONS = YES;
				CLANG_WARN_DIRECT_OBJC_ISA_USAGE = YES_ERROR;
				CLANG_WARN_DOCUMENTATION_COMMENTS = YES;
				CLANG_WARN_EMPTY_BODY = YES;
				CLANG_WARN_ENUM_CONVERSION = YES;
				CLANG_WARN_INFINITE_RECURSION = YES;
				CLANG_WARN_INT_CONVERSION = YES;
				CLANG_WARN_NON_LITERAL_NULL_CONVERSION = YES;
				CLANG_WARN_OBJC_IMPLICIT_RETAIN_SELF = YES;
				CLANG_WARN_OBJC_LITERAL_CONVERSION = YES;
				CLANG_WARN_OBJC_ROOT_CLASS = YES_ERROR;
				CLANG_WARN_QUOTED_INCLUDE_IN_FRAMEWORK_HEADER = YES;
				CLANG_WARN_RANGE_LOOP_ANALYSIS = YES;
				CLANG_WARN_STRICT_PROTOTYPES = YES;
				CLANG_WARN_SUSPICIOUS_MOVE = YES;
				CLANG_WARN_UNGUARDED_AVAILABILITY = YES_AGGRESSIVE;
				CLANG_WARN_UNREACHABLE_CODE = YES;
				CLANG_WARN__DUPLICATE_METHOD_MATCH = YES;
				CODE_SIGN_STYLE = Automatic;
				COPY_PHASE_STRIP = NO;
				DEBUG_INFORMATION_FORMAT = "dwarf-with-dsym";
				ENABLE_NS_ASSERTIONS = NO;
				ENABLE_STRICT_OBJC_MSGSEND = YES;
				GCC_C_LANGUAGE_STANDARD = gnu11;
				GCC_NO_COMMON_BLOCKS = YES;
				GCC_WARN_64_TO_32_BIT_CONVERSION = YES;
				GCC_WARN_ABOUT_RETURN_TYPE = YES_ERROR;
				GCC_WARN_UNDECLARED_SELECTOR = YES;
				GCC_WARN_UNINITIALIZED_AUTOS = YES_AGGRESSIVE;
				GCC_WARN_UNUSED_FUNCTION = YES;
				GCC_WARN_UNUSED_VARIABLE = YES;
				MACOSX_DEPLOYMENT_TARGET = 14.0;
				MTL_ENABLE_DEBUG_INFO = NO;
				MTL_FAST_MATH = YES;
				PRODUCT_NAME = "$(TARGET_NAME)";
				SDKROOT = macosx;
				SWIFT_COMPILATION_MODE = wholemodule;
				SWIFT_OPTIMIZATION_LEVEL = "-O";
				SWIFT_VERSION = 5.9;
			};
			name = Release;
		};
		992F77460BF49BD2A05883D6 /* Debug */ = {
			isa = XCBuildConfiguration;
			buildSettings = {
				ASSETCATALOG_COMPILER_APPICON_NAME = AppIcon;
				CODE_SIGN_ENTITLEMENTS = Sync/Sync.entitlements;
				COMBINE_HIDPI_IMAGES = YES;
				ENABLE_HARDENED_RUNTIME = YES;
				GENERATE_INFOPLIST_FILE = NO;
				INFOPLIST_FILE = Sync/Info.plist;
				LD_RUNPATH_SEARCH_PATHS = (
					"$(inherited)",
					"@executable_path/../Frameworks",
				);
				PRODUCT_BUNDLE_IDENTIFIER = dev.warisareshi.Sync;
				SDKROOT = macosx;
			};
			name = Debug;
		};
		CF979B4F1A9103314A874A73 /* Debug */ = {
			isa = XCBuildConfiguration;
			buildSettings = {
				ALWAYS_SEARCH_USER_PATHS = NO;
				CLANG_ANALYZER_NONNULL = YES;
				CLANG_ANALYZER_NUMBER_OBJECT_CONVERSION = YES_AGGRESSIVE;
				CLANG_CXX_LANGUAGE_STANDARD = "gnu++14";
				CLANG_CXX_LIBRARY = "libc++";
				CLANG_ENABLE_MODULES = YES;
				CLANG_ENABLE_OBJC_ARC = YES;
				CLANG_ENABLE_OBJC_WEAK = YES;
				CLANG_WARN_BLOCK_CAPTURE_AUTORELEASING = YES;
				CLANG_WARN_BOOL_CONVERSION = YES;
				CLANG_WARN_COMMA = YES;
				CLANG_WARN_CONSTANT_CONVERSION = YES;
				CLANG_WARN_DEPRECATED_OBJC_IMPLEMENTATIONS = YES;
				CLANG_WARN_DIRECT_OBJC_ISA_USAGE = YES_ERROR;
				CLANG_WARN_DOCUMENTATION_COMMENTS = YES;
				CLANG_WARN_EMPTY_BODY = YES;
				CLANG_WARN_ENUM_CONVERSION = YES;
				CLANG_WARN_INFINITE_RECURSION = YES;
				CLANG_WARN_INT_CONVERSION = YES;
				CLANG_WARN_NON_LITERAL_NULL_CONVERSION = YES;
				CLANG_WARN_OBJC_IMPLICIT_RETAIN_SELF = YES;
				CLANG_WARN_OBJC_LITERAL_CONVERSION = YES;
				CLANG_WARN_OBJC_ROOT_CLASS = YES_ERROR;
				CLANG_WARN_QUOTED_INCLUDE_IN_FRAMEWORK_HEADER = YES;
				CLANG_WARN_RANGE_LOOP_ANALYSIS = YES;
				CLANG_WARN_STRICT_PROTOTYPES = YES;
				CLANG_WARN_SUSPICIOUS_MOVE = YES;
				CLANG_WARN_UNGUARDED_AVAILABILITY = YES_AGGRESSIVE;
				CLANG_WARN_UNREACHABLE_CODE = YES;
				CLANG_WARN__DUPLICATE_METHOD_MATCH = YES;
				CODE_SIGN_STYLE = Automatic;
				COPY_PHASE_STRIP = NO;
				DEBUG_INFORMATION_FORMAT = dwarf;
				ENABLE_STRICT_OBJC_MSGSEND = YES;
				ENABLE_TESTABILITY = YES;
				GCC_C_LANGUAGE_STANDARD = gnu11;
				GCC_DYNAMIC_NO_PIC = NO;
				GCC_NO_COMMON_BLOCKS = YES;
				GCC_OPTIMIZATION_LEVEL = 0;
				GCC_PREPROCESSOR_DEFINITIONS = (
					"$(inherited)",
					"DEBUG=1",
				);
				GCC_WARN_64_TO_32_BIT_CONVERSION = YES;
				GCC_WARN_ABOUT_RETURN_TYPE = YES_ERROR;
				GCC_WARN_UNDECLARED_SELECTOR = YES;
				GCC_WARN_UNINITIALIZED_AUTOS = YES_AGGRESSIVE;
				GCC_WARN_UNUSED_FUNCTION = YES;
				GCC_WARN_UNUSED_VARIABLE = YES;
				MACOSX_DEPLOYMENT_TARGET = 14.0;
				MTL_ENABLE_DEBUG_INFO = INCLUDE_SOURCE;
				MTL_FAST_MATH = YES;
				ONLY_ACTIVE_ARCH = YES;
				PRODUCT_NAME = "$(TARGET_NAME)";
				SDKROOT = macosx;
				SWIFT_ACTIVE_COMPILATION_CONDITIONS = DEBUG;
				SWIFT_OPTIMIZATION_LEVEL = "-Onone";
				SWIFT_VERSION = 5.9;
			};
			name = Debug;
		};
		EB8411FCC69A4DDB6BE7A527 /* Release */ = {
			isa = XCBuildConfiguration;
			buildSettings = {
				ASSETCATALOG_COMPILER_APPICON_NAME = AppIcon;
				CODE_SIGN_ENTITLEMENTS = Sync/Sync.entitlements;
				COMBINE_HIDPI_IMAGES = YES;
				ENABLE_HARDENED_RUNTIME = YES;
				GENERATE_INFOPLIST_FILE = NO;
				INFOPLIST_FILE = Sync/Info.plist;
				LD_RUNPATH_SEARCH_PATHS = (
					"$(inherited)",
					"@executable_path/../Frameworks",
				);
				PRODUCT_BUNDLE_IDENTIFIER = dev.warisareshi.Sync;
				SDKROOT = macosx;
			};
			name = Release;
		};
/* End XCBuildConfiguration section */

/* Begin XCConfigurationList section */
		9ABF483F962EE5C5C1DDF393 /* Build configuration list for PBXProject "Sync" */ = {
			isa = XCConfigurationList;
			buildConfigurations = (
				CF979B4F1A9103314A874A73 /* Debug */,
				5A265947A75EE552E0937B35 /* Release */,
			);
			defaultConfigurationIsVisible = 0;
			defaultConfigurationName = Debug;
		};
		A70A9136A6EF6AAD1D847E9A /* Build configuration list for PBXNativeTarget "Sync" */ = {
			isa = XCConfigurationList;
			buildConfigurations = (
				992F77460BF49BD2A05883D6 /* Debug */,
				EB8411FCC69A4DDB6BE7A527 /* Release */,
			);
			defaultConfigurationIsVisible = 0;
			defaultConfigurationName = Debug;
		};
/* End XCConfigurationList section */
	};
	rootObject = E7CABE54503B52AA88B83CD6 /* Project object */;
}
